
Microsoft Visual Studio Solution File, Format Version 12.00
# Visual Studio Version 16
VisualStudioVersion = 16.0.30717.126
MinimumVisualStudioVersion = 10.0.40219.1
Project("{9A19103F-16F7-4668-BE54-9A1E7A4F7556}") = "UdemyUnitTestEx.Web", "UdemyUnitTestEx.Web\UdemyUnitTestEx.Web.csproj", "{377E75E4-882C-4342-9336-CE1112F259B6}"
EndProject
Project("{FAE04EC0-301F-11D3-BF4B-00C04F79EFBC}") = "UdemyUnitTestEx.Test", "UdemyUnitTestEx.Test\UdemyUnitTestEx.Test.csproj", "{EB083992-D427-4288-BCD3-0B4EB8FCC11C}"
EndProject
Global
	GlobalSection(SolutionConfigurationPlatforms) = preSolution
		Debug|Any CPU = Debug|Any CPU
		Release|Any CPU = Release|Any CPU
	EndGlobalSection
	GlobalSection(ProjectConfigurationPlatforms) = postSolution
		{377E75E4-882C-4342-9336-CE1112F259B6}.Debug|Any CPU.ActiveCfg = Debug|Any CPU
		{377E75E4-882C-4342-9336-CE1112F259B6}.Debug|Any CPU.Build.0 = Debug|Any CPU
		{377E75E4-882C-4342-9336-CE1112F259B6}.Release|Any CPU.ActiveCfg = Release|Any CPU
		{377E75E4-882C-4342-9336-CE1112F259B6}.Release|Any CPU.Build.0 = Release|Any CPU
		{EB083992-D427-4288-BCD3-0B4EB8FCC11C}.Debug|Any CPU.ActiveCfg = Debug|Any CPU
		{EB083992-D427-4288-BCD3-0B4EB8FCC11C}.Debug|Any CPU.Build.0 = Debug|Any CPU
		{EB083992-D427-4288-BCD3-0B4EB8FCC11C}.Release|Any CPU.ActiveCfg = Release|Any CPU
		{EB083992-D427-4288-BCD3-0B4EB8FCC11C}.Release|Any CPU.Build.0 = Release|Any CPU
	EndGlobalSection
	GlobalSection(SolutionProperties) = preSolution
		HideSolutionNode = FALSE
	EndGlobalSection
	GlobalSection(ExtensibilityGlobals) = postSolution
		SolutionGuid = {C007456F-60E8-4323-AD31-5FC7A59168A4}
	EndGlobalSection
EndGlobal
